// !$*UTF8*$!
{
	archiveVersion = 1;
	classes = {
	};
	objectVersion = 51;
	objects = {

/* Begin PBXBuildFile section */
		D89ED8561A304B36605AF6F3 /* Pods_Famlee.framework in Frameworks */ = {isa = PBXBuildFile; fileRef = 89D80BF5D330B644464BF577 /* Pods_Famlee.framework */; };
		E218EDE722E9C03400366E74 /* RemittanceTableViewController.swift in Sources */ = {isa = PBXBuildFile; fileRef = E218EDE622E9C03400366E74 /* RemittanceTableViewController.swift */; };
		E21BD89D22E80FFD00D90417 /* ProductsTableViewController.swift in Sources */ = {isa = PBXBuildFile; fileRef = E21BD89C22E80FFD00D90417 /* ProductsTableViewController.swift */; };
		E21FDFBD22E72DD800E2AF9C /* LoadsTableViewController.swift in Sources */ = {isa = PBXBuildFile; fileRef = E21FDFBC22E72DD800E2AF9C /* LoadsTableViewController.swift */; };
		E2204F7623428F0900373782 /* GoogleService-Info.plist in Resources */ = {isa = PBXBuildFile; fileRef = E2204F7523428F0900373782 /* GoogleService-Info.plist */; };
		E22625CA233FDB9C0051C92E /* PaddingLabel.swift in Sources */ = {isa = PBXBuildFile; fileRef = E22625C9233FDB9C0051C92E /* PaddingLabel.swift */; };
		E22625CD233FDCA60051C92E /* RoomCell.swift in Sources */ = {isa = PBXBuildFile; fileRef = E22625CC233FDCA60051C92E /* RoomCell.swift */; };
		E22625CF233FDCD20051C92E /* SaleDailyCell.swift in Sources */ = {isa = PBXBuildFile; fileRef = E22625CE233FDCD20051C92E /* SaleDailyCell.swift */; };
		E22625D1233FDCF90051C92E /* ExpenseDailyCell.swift in Sources */ = {isa = PBXBuildFile; fileRef = E22625D0233FDCF90051C92E /* ExpenseDailyCell.swift */; };
		E22625D3233FDD1B0051C92E /* LoadDailyCell.swift in Sources */ = {isa = PBXBuildFile; fileRef = E22625D2233FDD1B0051C92E /* LoadDailyCell.swift */; };
		E22625D5233FDD380051C92E /* ProductDailyCell.swift in Sources */ = {isa = PBXBuildFile; fileRef = E22625D4233FDD380051C92E /* ProductDailyCell.swift */; };
		E22625D7233FDD5C0051C92E /* RemittanceDailyCell.swift in Sources */ = {isa = PBXBuildFile; fileRef = E22625D6233FDD5C0051C92E /* RemittanceDailyCell.swift */; };
		E22625DA233FDEAB0051C92E /* DropDownField.swift in Sources */ = {isa = PBXBuildFile; fileRef = E22625D9233FDEAB0051C92E /* DropDownField.swift */; };
		E22625DC233FE1FB0051C92E /* DropDownMenuCell.swift in Sources */ = {isa = PBXBuildFile; fileRef = E22625DB233FE1FB0051C92E /* DropDownMenuCell.swift */; };
		E22625DE233FE84A0051C92E /* Constants.swift in Sources */ = {isa = PBXBuildFile; fileRef = E22625DD233FE84A0051C92E /* Constants.swift */; };
		E2371E7B22E4478F002A35EF /* Main.storyboard in Resources */ = {isa = PBXBuildFile; fileRef = E2371E7A22E4478F002A35EF /* Main.storyboard */; };
		E2371E7D22E45DAD002A35EF /* SettingsTableViewController.swift in Sources */ = {isa = PBXBuildFile; fileRef = E2371E7C22E45DAD002A35EF /* SettingsTableViewController.swift */; };
		E2371E7F22E471E8002A35EF /* Assets.xcassets in Resources */ = {isa = PBXBuildFile; fileRef = E2371E7E22E471E8002A35EF /* Assets.xcassets */; };
		E2371E8322E47B5F002A35EF /* SalesTableViewController.swift in Sources */ = {isa = PBXBuildFile; fileRef = E2371E8222E47B5F002A35EF /* SalesTableViewController.swift */; };
		E2371E8522E496FD002A35EF /* RoomsTableViewController.swift in Sources */ = {isa = PBXBuildFile; fileRef = E2371E8422E496FD002A35EF /* RoomsTableViewController.swift */; };
		E2426CEA2350C37000488EF6 /* SwiftMessages.framework in Frameworks */ = {isa = PBXBuildFile; fileRef = E2426CE62350C09E00488EF6 /* SwiftMessages.framework */; };
		E2426CEE2350C66100488EF6 /* IndexOutOfRange.swift in Sources */ = {isa = PBXBuildFile; fileRef = E2426CED2350C66100488EF6 /* IndexOutOfRange.swift */; };
		E2B102AC22E56D2800027D83 /* JuliusSansOne-Regular.ttf in Resources */ = {isa = PBXBuildFile; fileRef = E2B102AB22E56C7A00027D83 /* JuliusSansOne-Regular.ttf */; };
		E2B102AE22E5948200027D83 /* ExpensesTableViewController.swift in Sources */ = {isa = PBXBuildFile; fileRef = E2B102AD22E5948200027D83 /* ExpensesTableViewController.swift */; };
		E2DF634022E422530040CA59 /* AppDelegate.swift in Sources */ = {isa = PBXBuildFile; fileRef = E2DF633F22E422530040CA59 /* AppDelegate.swift */; };
		E2DF634C22E422550040CA59 /* LaunchScreen.storyboard in Resources */ = {isa = PBXBuildFile; fileRef = E2DF634A22E422550040CA59 /* LaunchScreen.storyboard */; };
		E2DF635622E426BC0040CA59 /* LoginViewController.swift in Sources */ = {isa = PBXBuildFile; fileRef = E2DF635522E426BC0040CA59 /* LoginViewController.swift */; };
		E2DF635C22E431A50040CA59 /* LoginTextField.swift in Sources */ = {isa = PBXBuildFile; fileRef = E2DF635B22E431A50040CA59 /* LoginTextField.swift */; };
/* End PBXBuildFile section */

/* Begin PBXFileReference section */
		426D532EC31E3C606CB0112B /* Pods-Famlee.debug.xcconfig */ = {isa = PBXFileReference; includeInIndex = 1; lastKnownFileType = text.xcconfig; name = "Pods-Famlee.debug.xcconfig"; path = "Target Support Files/Pods-Famlee/Pods-Famlee.debug.xcconfig"; sourceTree = "<group>"; };
		89D80BF5D330B644464BF577 /* Pods_Famlee.framework */ = {isa = PBXFileReference; explicitFileType = wrapper.framework; includeInIndex = 0; path = Pods_Famlee.framework; sourceTree = BUILT_PRODUCTS_DIR; };
		B65976E2C97D25E449204505 /* Pods-Famlee.release.xcconfig */ = {isa = PBXFileReference; includeInIndex = 1; lastKnownFileType = text.xcconfig; name = "Pods-Famlee.release.xcconfig"; path = "Target Support Files/Pods-Famlee/Pods-Famlee.release.xcconfig"; sourceTree = "<group>"; };
		E218EDE622E9C03400366E74 /* RemittanceTableViewController.swift */ = {isa = PBXFileReference; lastKnownFileType = sourcecode.swift; path = RemittanceTableViewController.swift; sourceTree = "<group>"; };
		E21BD89C22E80FFD00D90417 /* ProductsTableViewController.swift */ = {isa = PBXFileReference; lastKnownFileType = sourcecode.swift; path = ProductsTableViewController.swift; sourceTree = "<group>"; };
		E21FDFBC22E72DD800E2AF9C /* LoadsTableViewController.swift */ = {isa = PBXFileReference; lastKnownFileType = sourcecode.swift; path = LoadsTableViewController.swift; sourceTree = "<group>"; };
		E2204F722342885700373782 /* Famlee.entitlements */ = {isa = PBXFileReference; lastKnownFileType = text.plist.entitlements; path = Famlee.entitlements; sourceTree = "<group>"; };
		E2204F7523428F0900373782 /* GoogleService-Info.plist */ = {isa = PBXFileReference; fileEncoding = 4; lastKnownFileType = text.plist.xml; path = "GoogleService-Info.plist"; sourceTree = "<group>"; };
		E22625C9233FDB9C0051C92E /* PaddingLabel.swift */ = {isa = PBXFileReference; lastKnownFileType = sourcecode.swift; path = PaddingLabel.swift; sourceTree = "<group>"; };
		E22625CC233FDCA60051C92E /* RoomCell.swift */ = {isa = PBXFileReference; lastKnownFileType = sourcecode.swift; path = RoomCell.swift; sourceTree = "<group>"; };
		E22625CE233FDCD20051C92E /* SaleDailyCell.swift */ = {isa = PBXFileReference; lastKnownFileType = sourcecode.swift; path = SaleDailyCell.swift; sourceTree = "<group>"; };
		E22625D0233FDCF90051C92E /* ExpenseDailyCell.swift */ = {isa = PBXFileReference; lastKnownFileType = sourcecode.swift; path = ExpenseDailyCell.swift; sourceTree = "<group>"; };
		E22625D2233FDD1B0051C92E /* LoadDailyCell.swift */ = {isa = PBXFileReference; lastKnownFileType = sourcecode.swift; path = LoadDailyCell.swift; sourceTree = "<group>"; };
		E22625D4233FDD380051C92E /* ProductDailyCell.swift */ = {isa = PBXFileReference; lastKnownFileType = sourcecode.swift; path = ProductDailyCell.swift; sourceTree = "<group>"; };
		E22625D6233FDD5C0051C92E /* RemittanceDailyCell.swift */ = {isa = PBXFileReference; lastKnownFileType = sourcecode.swift; path = RemittanceDailyCell.swift; sourceTree = "<group>"; };
		E22625D9233FDEAB0051C92E /* DropDownField.swift */ = {isa = PBXFileReference; lastKnownFileType = sourcecode.swift; path = DropDownField.swift; sourceTree = "<group>"; };
		E22625DB233FE1FB0051C92E /* DropDownMenuCell.swift */ = {isa = PBXFileReference; lastKnownFileType = sourcecode.swift; path = DropDownMenuCell.swift; sourceTree = "<group>"; };
		E22625DD233FE84A0051C92E /* Constants.swift */ = {isa = PBXFileReference; lastKnownFileType = sourcecode.swift; path = Constants.swift; sourceTree = "<group>"; };
		E2371E7A22E4478F002A35EF /* Main.storyboard */ = {isa = PBXFileReference; fileEncoding = 4; lastKnownFileType = file.storyboard; path = Main.storyboard; sourceTree = "<group>"; };
		E2371E7C22E45DAD002A35EF /* SettingsTableViewController.swift */ = {isa = PBXFileReference; lastKnownFileType = sourcecode.swift; path = SettingsTableViewController.swift; sourceTree = "<group>"; };
		E2371E7E22E471E8002A35EF /* Assets.xcassets */ = {isa = PBXFileReference; lastKnownFileType = folder.assetcatalog; path = Assets.xcassets; sourceTree = "<group>"; };
		E2371E8222E47B5F002A35EF /* SalesTableViewController.swift */ = {isa = PBXFileReference; lastKnownFileType = sourcecode.swift; path = SalesTableViewController.swift; sourceTree = "<group>"; };
		E2371E8422E496FD002A35EF /* RoomsTableViewController.swift */ = {isa = PBXFileReference; lastKnownFileType = sourcecode.swift; path = RoomsTableViewController.swift; sourceTree = "<group>"; };
		E2426CE62350C09E00488EF6 /* SwiftMessages.framework */ = {isa = PBXFileReference; lastKnownFileType = wrapper.framework; name = SwiftMessages.framework; path = Carthage/Build/iOS/SwiftMessages.framework; sourceTree = "<group>"; };
		E2426CED2350C66100488EF6 /* IndexOutOfRange.swift */ = {isa = PBXFileReference; lastKnownFileType = sourcecode.swift; path = IndexOutOfRange.swift; sourceTree = "<group>"; };
		E2B102AB22E56C7A00027D83 /* JuliusSansOne-Regular.ttf */ = {isa = PBXFileReference; lastKnownFileType = file; path = "JuliusSansOne-Regular.ttf"; sourceTree = "<group>"; };
		E2B102AD22E5948200027D83 /* ExpensesTableViewController.swift */ = {isa = PBXFileReference; lastKnownFileType = sourcecode.swift; path = ExpensesTableViewController.swift; sourceTree = "<group>"; };
		E2DF633C22E422530040CA59 /* Famlee.app */ = {isa = PBXFileReference; explicitFileType = wrapper.application; includeInIndex = 0; path = Famlee.app; sourceTree = BUILT_PRODUCTS_DIR; };
		E2DF633F22E422530040CA59 /* AppDelegate.swift */ = {isa = PBXFileReference; lastKnownFileType = sourcecode.swift; path = AppDelegate.swift; sourceTree = "<group>"; };
		E2DF634B22E422550040CA59 /* Base */ = {isa = PBXFileReference; lastKnownFileType = file.storyboard; name = Base; path = Base.lproj/LaunchScreen.storyboard; sourceTree = "<group>"; };
		E2DF634D22E422550040CA59 /* Info.plist */ = {isa = PBXFileReference; lastKnownFileType = text.plist.xml; path = Info.plist; sourceTree = "<group>"; };
		E2DF635522E426BC0040CA59 /* LoginViewController.swift */ = {isa = PBXFileReference; lastKnownFileType = sourcecode.swift; path = LoginViewController.swift; sourceTree = "<group>"; };
		E2DF635B22E431A50040CA59 /* LoginTextField.swift */ = {isa = PBXFileReference; lastKnownFileType = sourcecode.swift; path = LoginTextField.swift; sourceTree = "<group>"; };
/* End PBXFileReference section */

/* Begin PBXFrameworksBuildPhase section */
		E2DF633922E422530040CA59 /* Frameworks */ = {
			isa = PBXFrameworksBuildPhase;
			buildActionMask = 2147483647;
			files = (
				E2426CEA2350C37000488EF6 /* SwiftMessages.framework in Frameworks */,
				D89ED8561A304B36605AF6F3 /* Pods_Famlee.framework in Frameworks */,
			);
			runOnlyForDeploymentPostprocessing = 0;
		};
/* End PBXFrameworksBuildPhase section */

/* Begin PBXGroup section */
		2991F029896785407C236B8E /* Pods */ = {
			isa = PBXGroup;
			children = (
				426D532EC31E3C606CB0112B /* Pods-Famlee.debug.xcconfig */,
				B65976E2C97D25E449204505 /* Pods-Famlee.release.xcconfig */,
			);
			path = Pods;
			sourceTree = "<group>";
		};
		C1134B700D84B50F3B2C1707 /* Frameworks */ = {
			isa = PBXGroup;
			children = (
				E2426CE62350C09E00488EF6 /* SwiftMessages.framework */,
				89D80BF5D330B644464BF577 /* Pods_Famlee.framework */,
			);
			name = Frameworks;
			sourceTree = "<group>";
		};
		E22625CB233FDC470051C92E /* TableCell */ = {
			isa = PBXGroup;
			children = (
				E22625CC233FDCA60051C92E /* RoomCell.swift */,
				E22625CE233FDCD20051C92E /* SaleDailyCell.swift */,
				E22625D0233FDCF90051C92E /* ExpenseDailyCell.swift */,
				E22625D2233FDD1B0051C92E /* LoadDailyCell.swift */,
				E22625D4233FDD380051C92E /* ProductDailyCell.swift */,
				E22625D6233FDD5C0051C92E /* RemittanceDailyCell.swift */,
			);
			path = TableCell;
			sourceTree = "<group>";
		};
		E22625D8233FDE940051C92E /* Helpers */ = {
			isa = PBXGroup;
			children = (
				E22625D9233FDEAB0051C92E /* DropDownField.swift */,
				E22625DB233FE1FB0051C92E /* DropDownMenuCell.swift */,
				E22625DD233FE84A0051C92E /* Constants.swift */,
				E2426CED2350C66100488EF6 /* IndexOutOfRange.swift */,
			);
			path = Helpers;
			sourceTree = "<group>";
		};
		E2B102AA22E56C6500027D83 /* Fonts */ = {
			isa = PBXGroup;
			children = (
				E2B102AB22E56C7A00027D83 /* JuliusSansOne-Regular.ttf */,
			);
			path = Fonts;
			sourceTree = "<group>";
		};
		E2DF633322E422530040CA59 = {
			isa = PBXGroup;
			children = (
				E2DF633E22E422530040CA59 /* Famlee */,
				E2DF633D22E422530040CA59 /* Products */,
				2991F029896785407C236B8E /* Pods */,
				C1134B700D84B50F3B2C1707 /* Frameworks */,
			);
			sourceTree = "<group>";
		};
		E2DF633D22E422530040CA59 /* Products */ = {
			isa = PBXGroup;
			children = (
				E2DF633C22E422530040CA59 /* Famlee.app */,
			);
			name = Products;
			sourceTree = "<group>";
		};
		E2DF633E22E422530040CA59 /* Famlee */ = {
			isa = PBXGroup;
			children = (
				E2204F722342885700373782 /* Famlee.entitlements */,
				E22625D8233FDE940051C92E /* Helpers */,
				E22625CB233FDC470051C92E /* TableCell */,
				E2B102AA22E56C6500027D83 /* Fonts */,
				E2371E7E22E471E8002A35EF /* Assets.xcassets */,
				E2DF633F22E422530040CA59 /* AppDelegate.swift */,
				E2DF635722E426C30040CA59 /* Controller */,
				E2DF635822E426DF0040CA59 /* View */,
				E2DF634A22E422550040CA59 /* LaunchScreen.storyboard */,
				E2DF634D22E422550040CA59 /* Info.plist */,
				E2204F7523428F0900373782 /* GoogleService-Info.plist */,
			);
			path = Famlee;
			sourceTree = "<group>";
		};
		E2DF635722E426C30040CA59 /* Controller */ = {
			isa = PBXGroup;
			children = (
				E2DF635522E426BC0040CA59 /* LoginViewController.swift */,
				E2371E7C22E45DAD002A35EF /* SettingsTableViewController.swift */,
				E2371E8222E47B5F002A35EF /* SalesTableViewController.swift */,
				E2371E8422E496FD002A35EF /* RoomsTableViewController.swift */,
				E2B102AD22E5948200027D83 /* ExpensesTableViewController.swift */,
				E21FDFBC22E72DD800E2AF9C /* LoadsTableViewController.swift */,
				E21BD89C22E80FFD00D90417 /* ProductsTableViewController.swift */,
				E218EDE622E9C03400366E74 /* RemittanceTableViewController.swift */,
			);
			path = Controller;
			sourceTree = "<group>";
		};
		E2DF635822E426DF0040CA59 /* View */ = {
			isa = PBXGroup;
			children = (
				E2DF635B22E431A50040CA59 /* LoginTextField.swift */,
				E2371E7A22E4478F002A35EF /* Main.storyboard */,
				E22625C9233FDB9C0051C92E /* PaddingLabel.swift */,
			);
			path = View;
			sourceTree = "<group>";
		};
/* End PBXGroup section */

/* Begin PBXNativeTarget section */
		E2DF633B22E422530040CA59 /* Famlee */ = {
			isa = PBXNativeTarget;
			buildConfigurationList = E2DF635022E422550040CA59 /* Build configuration list for PBXNativeTarget "Famlee" */;
			buildPhases = (
				466A7C6C0C8DFA15FD1FF9D5 /* [CP] Check Pods Manifest.lock */,
				E2DF633822E422530040CA59 /* Sources */,
				E2DF633922E422530040CA59 /* Frameworks */,
				E2DF633A22E422530040CA59 /* Resources */,
				894402F1CE26D2BBAAEB8BD0 /* [CP] Embed Pods Frameworks */,
				E2426CE52350BFFA00488EF6 /* Carting */,
				DB9044B9C8E5619F5C7B155C /* Carthage */,
			);
			buildRules = (
			);
			dependencies = (
			);
			name = Famlee;
			productName = Famlee;
			productReference = E2DF633C22E422530040CA59 /* Famlee.app */;
			productType = "com.apple.product-type.application";
		};
/* End PBXNativeTarget section */

/* Begin PBXProject section */
		E2DF633422E422530040CA59 /* Project object */ = {
			isa = PBXProject;
			attributes = {
				LastSwiftUpdateCheck = 1020;
				LastUpgradeCheck = 1020;
				ORGANIZATIONNAME = "Jules Lee";
				TargetAttributes = {
					E2DF633B22E422530040CA59 = {
						CreatedOnToolsVersion = 10.2.1;
					};
				};
			};
			buildConfigurationList = E2DF633722E422530040CA59 /* Build configuration list for PBXProject "Famlee" */;
			compatibilityVersion = "Xcode 9.3";
			developmentRegion = en;
			hasScannedForEncodings = 0;
			knownRegions = (
				en,
				Base,
			);
			mainGroup = E2DF633322E422530040CA59;
			productRefGroup = E2DF633D22E422530040CA59 /* Products */;
			projectDirPath = "";
			projectRoot = "";
			targets = (
				E2DF633B22E422530040CA59 /* Famlee */,
			);
		};
/* End PBXProject section */

/* Begin PBXResourcesBuildPhase section */
		E2DF633A22E422530040CA59 /* Resources */ = {
			isa = PBXResourcesBuildPhase;
			buildActionMask = 2147483647;
			files = (
				E2B102AC22E56D2800027D83 /* JuliusSansOne-Regular.ttf in Resources */,
				E2DF634C22E422550040CA59 /* LaunchScreen.storyboard in Resources */,
				E2204F7623428F0900373782 /* GoogleService-Info.plist in Resources */,
				E2371E7F22E471E8002A35EF /* Assets.xcassets in Resources */,
				E2371E7B22E4478F002A35EF /* Main.storyboard in Resources */,
			);
			runOnlyForDeploymentPostprocessing = 0;
		};
/* End PBXResourcesBuildPhase section */

/* Begin PBXShellScriptBuildPhase section */
		466A7C6C0C8DFA15FD1FF9D5 /* [CP] Check Pods Manifest.lock */ = {
			isa = PBXShellScriptBuildPhase;
			buildActionMask = 2147483647;
			files = (
			);
			inputFileListPaths = (
			);
			inputPaths = (
				"${PODS_PODFILE_DIR_PATH}/Podfile.lock",
				"${PODS_ROOT}/Manifest.lock",
			);
			name = "[CP] Check Pods Manifest.lock";
			outputFileListPaths = (
			);
			outputPaths = (
				"$(DERIVED_FILE_DIR)/Pods-Famlee-checkManifestLockResult.txt",
			);
			runOnlyForDeploymentPostprocessing = 0;
			shellPath = /bin/sh;
			shellScript = "diff \"${PODS_PODFILE_DIR_PATH}/Podfile.lock\" \"${PODS_ROOT}/Manifest.lock\" > /dev/null\nif [ $? != 0 ] ; then\n    # print error to STDERR\n    echo \"error: The sandbox is not in sync with the Podfile.lock. Run 'pod install' or update your CocoaPods installation.\" >&2\n    exit 1\nfi\n# This output is used by Xcode 'outputs' to avoid re-running this script phase.\necho \"SUCCESS\" > \"${SCRIPT_OUTPUT_FILE_0}\"\n";
			showEnvVarsInLog = 0;
		};
		894402F1CE26D2BBAAEB8BD0 /* [CP] Embed Pods Frameworks */ = {
			isa = PBXShellScriptBuildPhase;
			buildActionMask = 2147483647;
			files = (
			);
			inputFileListPaths = (
				"${PODS_ROOT}/Target Support Files/Pods-Famlee/Pods-Famlee-frameworks-${CONFIGURATION}-input-files.xcfilelist",
			);
			inputPaths = (
			);
			name = "[CP] Embed Pods Frameworks";
			outputFileListPaths = (
				"${PODS_ROOT}/Target Support Files/Pods-Famlee/Pods-Famlee-frameworks-${CONFIGURATION}-output-files.xcfilelist",
			);
			outputPaths = (
			);
			runOnlyForDeploymentPostprocessing = 0;
			shellPath = /bin/sh;
			shellScript = "\"${PODS_ROOT}/Target Support Files/Pods-Famlee/Pods-Famlee-frameworks.sh\"\n";
			showEnvVarsInLog = 0;
		};
		DB9044B9C8E5619F5C7B155C /* Carthage */ = {
			isa = PBXShellScriptBuildPhase;
			buildActionMask = 2147483647;
			files = (
			);
			inputFileListPaths = (
				"$(SRCROOT)/Carthage/xcfilelists/Famlee-inputPaths.xcfilelist",
			);
			inputPaths = (
			);
			name = Carthage;
			outputFileListPaths = (
				"$(SRCROOT)/Carthage/xcfilelists/Famlee-outputPaths.xcfilelist",
			);
			outputPaths = (
			);
			runOnlyForDeploymentPostprocessing = 0;
			shellPath = /bin/sh;
			shellScript = "/usr/local/bin/carthage copy-frameworks\n";
		};
		E2426CE52350BFFA00488EF6 /* Carting */ = {
			isa = PBXShellScriptBuildPhase;
			buildActionMask = 2147483647;
			files = (
			);
			inputFileListPaths = (
			);
			inputPaths = (
			);
			name = Carting;
			outputFileListPaths = (
			);
			outputPaths = (
			);
			runOnlyForDeploymentPostprocessing = 0;
			shellPath = /bin/sh;
			shellScript = "# Type a script or drag a script file from your workspace to insert its path.\n/usr/local/bin/carting lint\n";
		};
/* End PBXShellScriptBuildPhase section */

/* Begin PBXSourcesBuildPhase section */
		E2DF633822E422530040CA59 /* Sources */ = {
			isa = PBXSourcesBuildPhase;
			buildActionMask = 2147483647;
			files = (
				E22625D1233FDCF90051C92E /* ExpenseDailyCell.swift in Sources */,
				E22625CF233FDCD20051C92E /* SaleDailyCell.swift in Sources */,
				E2DF635622E426BC0040CA59 /* LoginViewController.swift in Sources */,
				E2371E8522E496FD002A35EF /* RoomsTableViewController.swift in Sources */,
				E22625D7233FDD5C0051C92E /* RemittanceDailyCell.swift in Sources */,
				E2426CEE2350C66100488EF6 /* IndexOutOfRange.swift in Sources */,
				E22625DA233FDEAB0051C92E /* DropDownField.swift in Sources */,
				E2371E8322E47B5F002A35EF /* SalesTableViewController.swift in Sources */,
				E22625DC233FE1FB0051C92E /* DropDownMenuCell.swift in Sources */,
				E22625D5233FDD380051C92E /* ProductDailyCell.swift in Sources */,
				E218EDE722E9C03400366E74 /* RemittanceTableViewController.swift in Sources */,
				E21FDFBD22E72DD800E2AF9C /* LoadsTableViewController.swift in Sources */,
				E21BD89D22E80FFD00D90417 /* ProductsTableViewController.swift in Sources */,
				E2B102AE22E5948200027D83 /* ExpensesTableViewController.swift in Sources */,
				E2371E7D22E45DAD002A35EF /* SettingsTableViewController.swift in Sources */,
				E2DF634022E422530040CA59 /* AppDelegate.swift in Sources */,
				E22625DE233FE84A0051C92E /* Constants.swift in Sources */,
				E22625D3233FDD1B0051C92E /* LoadDailyCell.swift in Sources */,
				E2DF635C22E431A50040CA59 /* LoginTextField.swift in Sources */,
				E22625CD233FDCA60051C92E /* RoomCell.swift in Sources */,
				E22625CA233FDB9C0051C92E /* PaddingLabel.swift in Sources */,
			);
			runOnlyForDeploymentPostprocessing = 0;
		};
/* End PBXSourcesBuildPhase section */

/* Begin PBXVariantGroup section */
		E2DF634A22E422550040CA59 /* LaunchScreen.storyboard */ = {
			isa = PBXVariantGroup;
			children = (
				E2DF634B22E422550040CA59 /* Base */,
			);
			name = LaunchScreen.storyboard;
			sourceTree = "<group>";
		};
/* End PBXVariantGroup section */

/* Begin XCBuildConfiguration section */
		E2DF634E22E422550040CA59 /* Debug */ = {
			isa = XCBuildConfiguration;
			buildSettings = {
				ALWAYS_SEARCH_USER_PATHS = NO;
				CLANG_ANALYZER_NONNULL = YES;
				CLANG_ANALYZER_NUMBER_OBJECT_CONVERSION = YES_AGGRESSIVE;
				CLANG_CXX_LANGUAGE_STANDARD = "gnu++14";
				CLANG_CXX_LIBRARY = "libc++";
				CLANG_ENABLE_MODULES = YES;
				CLANG_ENABLE_OBJC_ARC = YES;
				CLANG_ENABLE_OBJC_WEAK = YES;
				CLANG_WARN_BLOCK_CAPTURE_AUTORELEASING = YES;
				CLANG_WARN_BOOL_CONVERSION = YES;
				CLANG_WARN_COMMA = YES;
				CLANG_WARN_CONSTANT_CONVERSION = YES;
				CLANG_WARN_DEPRECATED_OBJC_IMPLEMENTATIONS = YES;
				CLANG_WARN_DIRECT_OBJC_ISA_USAGE = YES_ERROR;
				CLANG_WARN_DOCUMENTATION_COMMENTS = YES;
				CLANG_WARN_EMPTY_BODY = YES;
				CLANG_WARN_ENUM_CONVERSION = YES;
				CLANG_WARN_INFINITE_RECURSION = YES;
				CLANG_WARN_INT_CONVERSION = YES;
				CLANG_WARN_NON_LITERAL_NULL_CONVERSION = YES;
				CLANG_WARN_OBJC_IMPLICIT_RETAIN_SELF = YES;
				CLANG_WARN_OBJC_LITERAL_CONVERSION = YES;
				CLANG_WARN_OBJC_ROOT_CLASS = YES_ERROR;
				CLANG_WARN_RANGE_LOOP_ANALYSIS = YES;
				CLANG_WARN_STRICT_PROTOTYPES = YES;
				CLANG_WARN_SUSPICIOUS_MOVE = YES;
				CLANG_WARN_UNGUARDED_AVAILABILITY = YES_AGGRESSIVE;
				CLANG_WARN_UNREACHABLE_CODE = YES;
				CLANG_WARN__DUPLICATE_METHOD_MATCH = YES;
				CODE_SIGN_IDENTITY = "iPhone Developer";
				COPY_PHASE_STRIP = NO;
				DEBUG_INFORMATION_FORMAT = dwarf;
				ENABLE_STRICT_OBJC_MSGSEND = YES;
				ENABLE_TESTABILITY = YES;
				GCC_C_LANGUAGE_STANDARD = gnu11;
				GCC_DYNAMIC_NO_PIC = NO;
				GCC_NO_COMMON_BLOCKS = YES;
				GCC_OPTIMIZATION_LEVEL = 0;
				GCC_PREPROCESSOR_DEFINITIONS = (
					"DEBUG=1",
					"$(inherited)",
				);
				GCC_WARN_64_TO_32_BIT_CONVERSION = YES;
				GCC_WARN_ABOUT_RETURN_TYPE = YES_ERROR;
				GCC_WARN_UNDECLARED_SELECTOR = YES;
				GCC_WARN_UNINITIALIZED_AUTOS = YES_AGGRESSIVE;
				GCC_WARN_UNUSED_FUNCTION = YES;
				GCC_WARN_UNUSED_VARIABLE = YES;
				IPHONEOS_DEPLOYMENT_TARGET = 12.2;
				MTL_ENABLE_DEBUG_INFO = INCLUDE_SOURCE;
				MTL_FAST_MATH = YES;
				ONLY_ACTIVE_ARCH = YES;
				SDKROOT = iphoneos;
				SWIFT_ACTIVE_COMPILATION_CONDITIONS = DEBUG;
				SWIFT_OPTIMIZATION_LEVEL = "-Onone";
			};
			name = Debug;
		};
		E2DF634F22E422550040CA59 /* Release */ = {
			isa = XCBuildConfiguration;
			buildSettings = {
				ALWAYS_SEARCH_USER_PATHS = NO;
				CLANG_ANALYZER_NONNULL = YES;
				CLANG_ANALYZER_NUMBER_OBJECT_CONVERSION = YES_AGGRESSIVE;
				CLANG_CXX_LANGUAGE_STANDARD = "gnu++14";
				CLANG_CXX_LIBRARY = "libc++";
				CLANG_ENABLE_MODULES = YES;
				CLANG_ENABLE_OBJC_ARC = YES;
				CLANG_ENABLE_OBJC_WEAK = YES;
				CLANG_WARN_BLOCK_CAPTURE_AUTORELEASING = YES;
				CLANG_WARN_BOOL_CONVERSION = YES;
				CLANG_WARN_COMMA = YES;
				CLANG_WARN_CONSTANT_CONVERSION = YES;
				CLANG_WARN_DEPRECATED_OBJC_IMPLEMENTATIONS = YES;
				CLANG_WARN_DIRECT_OBJC_ISA_USAGE = YES_ERROR;
				CLANG_WARN_DOCUMENTATION_COMMENTS = YES;
				CLANG_WARN_EMPTY_BODY = YES;
				CLANG_WARN_ENUM_CONVERSION = YES;
				CLANG_WARN_INFINITE_RECURSION = YES;
				CLANG_WARN_INT_CONVERSION = YES;
				CLANG_WARN_NON_LITERAL_NULL_CONVERSION = YES;
				CLANG_WARN_OBJC_IMPLICIT_RETAIN_SELF = YES;
				CLANG_WARN_OBJC_LITERAL_CONVERSION = YES;
				CLANG_WARN_OBJC_ROOT_CLASS = YES_ERROR;
				CLANG_WARN_RANGE_LOOP_ANALYSIS = YES;
				CLANG_WARN_STRICT_PROTOTYPES = YES;
				CLANG_WARN_SUSPICIOUS_MOVE = YES;
				CLANG_WARN_UNGUARDED_AVAILABILITY = YES_AGGRESSIVE;
				CLANG_WARN_UNREACHABLE_CODE = YES;
				CLANG_WARN__DUPLICATE_METHOD_MATCH = YES;
				CODE_SIGN_IDENTITY = "iPhone Developer";
				COPY_PHASE_STRIP = NO;
				DEBUG_INFORMATION_FORMAT = "dwarf-with-dsym";
				ENABLE_NS_ASSERTIONS = NO;
				ENABLE_STRICT_OBJC_MSGSEND = YES;
				GCC_C_LANGUAGE_STANDARD = gnu11;
				GCC_NO_COMMON_BLOCKS = YES;
				GCC_WARN_64_TO_32_BIT_CONVERSION = YES;
				GCC_WARN_ABOUT_RETURN_TYPE = YES_ERROR;
				GCC_WARN_UNDECLARED_SELECTOR = YES;
				GCC_WARN_UNINITIALIZED_AUTOS = YES_AGGRESSIVE;
				GCC_WARN_UNUSED_FUNCTION = YES;
				GCC_WARN_UNUSED_VARIABLE = YES;
				IPHONEOS_DEPLOYMENT_TARGET = 12.2;
				MTL_ENABLE_DEBUG_INFO = NO;
				MTL_FAST_MATH = YES;
				SDKROOT = iphoneos;
				SWIFT_COMPILATION_MODE = wholemodule;
				SWIFT_OPTIMIZATION_LEVEL = "-O";
				VALIDATE_PRODUCT = YES;
			};
			name = Release;
		};
		E2DF635122E422550040CA59 /* Debug */ = {
			isa = XCBuildConfiguration;
			baseConfigurationReference = 426D532EC31E3C606CB0112B /* Pods-Famlee.debug.xcconfig */;
			buildSettings = {
				ASSETCATALOG_COMPILER_APPICON_NAME = AppIcon;
				CODE_SIGN_ENTITLEMENTS = Famlee/Famlee.entitlements;
				CODE_SIGN_IDENTITY = "Apple Development";
				CODE_SIGN_STYLE = Automatic;
				DEVELOPMENT_TEAM = ZPFY37265E;
				FRAMEWORK_SEARCH_PATHS = (
					"$(inherited)",
					"$(PROJECT_DIR)/Carthage/Build/iOS",
				);
				INFOPLIST_FILE = Famlee/Info.plist;
				IPHONEOS_DEPLOYMENT_TARGET = 12.1;
				LD_RUNPATH_SEARCH_PATHS = (
					"$(inherited)",
					"@executable_path/Frameworks",
				);
				PRODUCT_BUNDLE_IDENTIFIER = com.iosjunkie.Famleee;
				PRODUCT_NAME = "$(TARGET_NAME)";
				PROVISIONING_PROFILE_SPECIFIER = "";
				SWIFT_VERSION = 5.0;
				TARGETED_DEVICE_FAMILY = 2;
			};
			name = Debug;
		};
		E2DF635222E422550040CA59 /* Release */ = {
			isa = XCBuildConfiguration;
			baseConfigurationReference = B65976E2C97D25E449204505 /* Pods-Famlee.release.xcconfig */;
			buildSettings = {
				ASSETCATALOG_COMPILER_APPICON_NAME = AppIcon;
				CODE_SIGN_ENTITLEMENTS = Famlee/Famlee.entitlements;
				CODE_SIGN_IDENTITY = "Apple Development";
				CODE_SIGN_STYLE = Automatic;
				DEVELOPMENT_TEAM = ZPFY37265E;
				FRAMEWORK_SEARCH_PATHS = (
					"$(inherited)",
					"$(PROJECT_DIR)/Carthage/Build/iOS",
				);
				INFOPLIST_FILE = Famlee/Info.plist;
				IPHONEOS_DEPLOYMENT_TARGET = 12.1;
				LD_RUNPATH_SEARCH_PATHS = (
					"$(inherited)",
					"@executable_path/Frameworks",
				);
				PRODUCT_BUNDLE_IDENTIFIER = com.iosjunkie.Famleee;
				PRODUCT_NAME = "$(TARGET_NAME)";
				PROVISIONING_PROFILE_SPECIFIER = "";
				SWIFT_VERSION = 5.0;
				TARGETED_DEVICE_FAMILY = 2;
			};
			name = Release;
		};
/* End XCBuildConfiguration section */

/* Begin XCConfigurationList section */
		E2DF633722E422530040CA59 /* Build configuration list for PBXProject "Famlee" */ = {
			isa = XCConfigurationList;
			buildConfigurations = (
				E2DF634E22E422550040CA59 /* Debug */,
				E2DF634F22E422550040CA59 /* Release */,
			);
			defaultConfigurationIsVisible = 0;
			defaultConfigurationName = Release;
		};
		E2DF635022E422550040CA59 /* Build configuration list for PBXNativeTarget "Famlee" */ = {
			isa = XCConfigurationList;
			buildConfigurations = (
				E2DF635122E422550040CA59 /* Debug */,
				E2DF635222E422550040CA59 /* Release */,
			);
			defaultConfigurationIsVisible = 0;
			defaultConfigurationName = Release;
		};
/* End XCConfigurationList section */
	};
	rootObject = E2DF633422E422530040CA59 /* Project object */;
}
